
Microsoft Visual Studio Solution File, Format Version 12.00
# Visual Studio Version 17
VisualStudioVersion = 17.12.35707.178 d17.12
MinimumVisualStudioVersion = 10.0.40219.1
Project("{FAE04EC0-301F-11D3-BF4B-00C04F79EFBC}") = "AddressBook", "AddressBook\AddressBook.csproj", "{CFB41BF6-005E-4291-936D-8EBAAC6DE0B3}"
EndProject
Project("{FAE04EC0-301F-11D3-BF4B-00C04F79EFBC}") = "BusinessLayer", "BusinessLayer\BusinessLayer.csproj", "{F101E1A5-95CB-4837-A030-75CDCB7666BF}"
EndProject
Project("{FAE04EC0-301F-11D3-BF4B-00C04F79EFBC}") = "RepositoryLayer", "RepositoryLayer\RepositoryLayer.csproj", "{6E97E862-A88D-4A84-9C89-200E139FD400}"
EndProject
Project("{FAE04EC0-301F-11D3-BF4B-00C04F79EFBC}") = "ModelLayer", "ModelLayer\ModelLayer.csproj", "{289EB312-9EE7-4FAA-9BEA-484F6F383F86}"
EndProject
Global
	GlobalSection(SolutionConfigurationPlatforms) = preSolution
		Debug|Any CPU = Debug|Any CPU
		Release|Any CPU = Release|Any CPU
	EndGlobalSection
	GlobalSection(ProjectConfigurationPlatforms) = postSolution
		{CFB41BF6-005E-4291-936D-8EBAAC6DE0B3}.Debug|Any CPU.ActiveCfg = Debug|Any CPU
		{CFB41BF6-005E-4291-936D-8EBAAC6DE0B3}.Debug|Any CPU.Build.0 = Debug|Any CPU
		{CFB41BF6-005E-4291-936D-8EBAAC6DE0B3}.Release|Any CPU.ActiveCfg = Release|Any CPU
		{CFB41BF6-005E-4291-936D-8EBAAC6DE0B3}.Release|Any CPU.Build.0 = Release|Any CPU
		{F101E1A5-95CB-4837-A030-75CDCB7666BF}.Debug|Any CPU.ActiveCfg = Debug|Any CPU
		{F101E1A5-95CB-4837-A030-75CDCB7666BF}.Debug|Any CPU.Build.0 = Debug|Any CPU
		{F101E1A5-95CB-4837-A030-75CDCB7666BF}.Release|Any CPU.ActiveCfg = Release|Any CPU
		{F101E1A5-95CB-4837-A030-75CDCB7666BF}.Release|Any CPU.Build.0 = Release|Any CPU
		{6E97E862-A88D-4A84-9C89-200E139FD400}.Debug|Any CPU.ActiveCfg = Debug|Any CPU
		{6E97E862-A88D-4A84-9C89-200E139FD400}.Debug|Any CPU.Build.0 = Debug|Any CPU
		{6E97E862-A88D-4A84-9C89-200E139FD400}.Release|Any CPU.ActiveCfg = Release|Any CPU
		{6E97E862-A88D-4A84-9C89-200E139FD400}.Release|Any CPU.Build.0 = Release|Any CPU
		{289EB312-9EE7-4FAA-9BEA-484F6F383F86}.Debug|Any CPU.ActiveCfg = Debug|Any CPU
		{289EB312-9EE7-4FAA-9BEA-484F6F383F86}.Debug|Any CPU.Build.0 = Debug|Any CPU
		{289EB312-9EE7-4FAA-9BEA-484F6F383F86}.Release|Any CPU.ActiveCfg = Release|Any CPU
		{289EB312-9EE7-4FAA-9BEA-484F6F383F86}.Release|Any CPU.Build.0 = Release|Any CPU
	EndGlobalSection
	GlobalSection(SolutionProperties) = preSolution
		HideSolutionNode = FALSE
	EndGlobalSection
EndGlobal
